
Microsoft Visual Studio Solution File, Format Version 12.00
# Visual Studio 15
VisualStudioVersion = 15.0.28307.572
MinimumVisualStudioVersion = 10.0.40219.1
Project("{FAE04EC0-301F-11D3-BF4B-00C04F79EFBC}") = "SoyeAPI", "SoyeAPI\SoyeAPI.csproj", "{78B2CB4A-ECEA-4BE8-8AE9-72012D09C143}"
EndProject
Global
	GlobalSection(SolutionConfigurationPlatforms) = preSolution
		Debug|Any CPU = Debug|Any CPU
		Release|Any CPU = Release|Any CPU
	EndGlobalSection
	GlobalSection(ProjectConfigurationPlatforms) = postSolution
		{78B2CB4A-ECEA-4BE8-8AE9-72012D09C143}.Debug|Any CPU.ActiveCfg = Debug|Any CPU
		{78B2CB4A-ECEA-4BE8-8AE9-72012D09C143}.Debug|Any CPU.Build.0 = Debug|Any CPU
		{78B2CB4A-ECEA-4BE8-8AE9-72012D09C143}.Release|Any CPU.ActiveCfg = Release|Any CPU
		{78B2CB4A-ECEA-4BE8-8AE9-72012D09C143}.Release|Any CPU.Build.0 = Release|Any CPU
	EndGlobalSection
	GlobalSection(SolutionProperties) = preSolution
		HideSolutionNode = FALSE
	EndGlobalSection
	GlobalSection(ExtensibilityGlobals) = postSolution
		SolutionGuid = {ABFF20D3-CB3C-4BB8-BE0E-EA67C0484D6E}
	EndGlobalSection
EndGlobal
